// !$*UTF8*$!
{
	archiveVersion = 1;
	classes = {
	};
	objectVersion = 46;
	objects = {

/* Begin PBXBuildFile section */
		081B59E616F62DF20070C59C /* AudioToolbox.framework in Frameworks */ = {isa = PBXBuildFile; fileRef = 081B59E516F62DF20070C59C /* AudioToolbox.framework */; };
		08331EB71691016A00B9796F /* HTMLNode.m in Sources */ = {isa = PBXBuildFile; fileRef = 08331EB41691016A00B9796F /* HTMLNode.m */; };
		08331EB81691016A00B9796F /* HTMLParser.m in Sources */ = {isa = PBXBuildFile; fileRef = 08331EB61691016A00B9796F /* HTMLParser.m */; };
		08331EBB1691191B00B9796F /* Show.m in Sources */ = {isa = PBXBuildFile; fileRef = 08331EBA1691191B00B9796F /* Show.m */; };
		08331EDC1692738100B9796F /* ShowDetailViewController.m in Sources */ = {isa = PBXBuildFile; fileRef = 08331EDA1692738100B9796F /* ShowDetailViewController.m */; };
		08331EDD1692738100B9796F /* ShowDetailViewController.xib in Resources */ = {isa = PBXBuildFile; fileRef = 08331EDB1692738100B9796F /* ShowDetailViewController.xib */; };
		08349BFE167FB96A00490037 /* music@2x.png in Resources */ = {isa = PBXBuildFile; fileRef = 08349BFC167FB96A00490037 /* music@2x.png */; };
		08363E111690FFDB009BFE33 /* libxml2.dylib in Frameworks */ = {isa = PBXBuildFile; fileRef = 08363E101690FFDB009BFE33 /* libxml2.dylib */; };
		08514981167DA65C00D1ED43 /* UIKit.framework in Frameworks */ = {isa = PBXBuildFile; fileRef = 08514980167DA65C00D1ED43 /* UIKit.framework */; };
		08514983167DA65C00D1ED43 /* Foundation.framework in Frameworks */ = {isa = PBXBuildFile; fileRef = 08514982167DA65C00D1ED43 /* Foundation.framework */; };
		08514985167DA65C00D1ED43 /* CoreGraphics.framework in Frameworks */ = {isa = PBXBuildFile; fileRef = 08514984167DA65C00D1ED43 /* CoreGraphics.framework */; };
		0851498B167DA65C00D1ED43 /* InfoPlist.strings in Resources */ = {isa = PBXBuildFile; fileRef = 08514989167DA65C00D1ED43 /* InfoPlist.strings */; };
		0851498D167DA65C00D1ED43 /* main.m in Sources */ = {isa = PBXBuildFile; fileRef = 0851498C167DA65C00D1ED43 /* main.m */; settings = {COMPILER_FLAGS = "-fno-objc-arc"; }; };
		08514991167DA65C00D1ED43 /* AppDelegate.m in Sources */ = {isa = PBXBuildFile; fileRef = 08514990167DA65C00D1ED43 /* AppDelegate.m */; settings = {COMPILER_FLAGS = "-fno-objc-arc"; }; };
		085149A2167DC7D500D1ED43 /* ScheduleViewController.m in Sources */ = {isa = PBXBuildFile; fileRef = 085149A0167DC7D500D1ED43 /* ScheduleViewController.m */; };
		085149A3167DC7D500D1ED43 /* ScheduleViewController.xib in Resources */ = {isa = PBXBuildFile; fileRef = 085149A1167DC7D500D1ED43 /* ScheduleViewController.xib */; };
		085149D1167ECDB300D1ED43 /* StreamViewController.m in Sources */ = {isa = PBXBuildFile; fileRef = 085149CF167ECDB300D1ED43 /* StreamViewController.m */; settings = {COMPILER_FLAGS = "-fno-objc-arc"; }; };
		085149D2167ECDB300D1ED43 /* StreamViewController.xib in Resources */ = {isa = PBXBuildFile; fileRef = 085149D0167ECDB300D1ED43 /* StreamViewController.xib */; };
		088D718C16F5B68E002DF434 /* ShowData.plist in Resources */ = {isa = PBXBuildFile; fileRef = 088D718B16F5B68E002DF434 /* ShowData.plist */; };
		089C262D1680F1E70058567E /* AVFoundation.framework in Frameworks */ = {isa = PBXBuildFile; fileRef = 089C262C1680F1E70058567E /* AVFoundation.framework */; };
		08CDD18A16F7C9670061CDD1 /* SVModalWebViewController.m in Sources */ = {isa = PBXBuildFile; fileRef = 08CDD18916F7C9670061CDD1 /* SVModalWebViewController.m */; };
		08CDD18D16F7C9710061CDD1 /* SVWebViewController.m in Sources */ = {isa = PBXBuildFile; fileRef = 08CDD18C16F7C9710061CDD1 /* SVWebViewController.m */; };
		08CDD18F16F7C9780061CDD1 /* SVWebViewController.bundle in Resources */ = {isa = PBXBuildFile; fileRef = 08CDD18E16F7C9780061CDD1 /* SVWebViewController.bundle */; };
		08CDD19116F7C9EF0061CDD1 /* MessageUI.framework in Frameworks */ = {isa = PBXBuildFile; fileRef = 08CDD19016F7C9EF0061CDD1 /* MessageUI.framework */; };
		08F537BC169CDBB200685480 /* CoreMedia.framework in Frameworks */ = {isa = PBXBuildFile; fileRef = 08F537BB169CDBB200685480 /* CoreMedia.framework */; };
		0E1B385019341136004AE4C8 /* ShowTableViewCell.m in Sources */ = {isa = PBXBuildFile; fileRef = 0E1B384F19341136004AE4C8 /* ShowTableViewCell.m */; };
		0E1B3854193417F7004AE4C8 /* ShowDescriptionTableViewCell.m in Sources */ = {isa = PBXBuildFile; fileRef = 0E1B3853193417F7004AE4C8 /* ShowDescriptionTableViewCell.m */; };
		0E2866E01702C62400816222 /* SystemConfiguration.framework in Frameworks */ = {isa = PBXBuildFile; fileRef = 0E2866DF1702C62400816222 /* SystemConfiguration.framework */; };
		0E32A52D18C56C850047E28F /* SourceSansPro-Bold.otf in Resources */ = {isa = PBXBuildFile; fileRef = 0E32A52A18C56C850047E28F /* SourceSansPro-Bold.otf */; };
		0E32A52E18C56C850047E28F /* SourceSansPro-Regular.otf in Resources */ = {isa = PBXBuildFile; fileRef = 0E32A52B18C56C850047E28F /* SourceSansPro-Regular.otf */; };
		0E32A52F18C56C850047E28F /* SourceSansPro-Semibold.otf in Resources */ = {isa = PBXBuildFile; fileRef = 0E32A52C18C56C850047E28F /* SourceSansPro-Semibold.otf */; };
		0EA4AF1218C5693100F94066 /* schedule@2x.png in Resources */ = {isa = PBXBuildFile; fileRef = 0EA4AF1118C5693100F94066 /* schedule@2x.png */; };
		0EA4AF1418C56A5200F94066 /* radio@2x.png in Resources */ = {isa = PBXBuildFile; fileRef = 0EA4AF1318C56A5200F94066 /* radio@2x.png */; };
		0ECB813918C5599D00B7C4B5 /* play@2x.png in Resources */ = {isa = PBXBuildFile; fileRef = 0ECB813718C5599D00B7C4B5 /* play@2x.png */; };
		0ECB813A18C5599D00B7C4B5 /* pause@2x.png in Resources */ = {isa = PBXBuildFile; fileRef = 0ECB813818C5599D00B7C4B5 /* pause@2x.png */; };
		0ECB813D18C55A8400B7C4B5 /* Default-568h@2x.png in Resources */ = {isa = PBXBuildFile; fileRef = 0ECB813C18C55A8400B7C4B5 /* Default-568h@2x.png */; };
		0ECB814618C55DDA00B7C4B5 /* UIFont+Application.m in Sources */ = {isa = PBXBuildFile; fileRef = 0ECB814518C55DDA00B7C4B5 /* UIFont+Application.m */; };
		0ED68AFB18C6D4F300370BD0 /* navbar-logo@2x.png in Resources */ = {isa = PBXBuildFile; fileRef = 0ED68AFA18C6D4F300370BD0 /* navbar-logo@2x.png */; };
		0EFDDD9718C7B9CF006C1B7B /* Images.xcassets in Resources */ = {isa = PBXBuildFile; fileRef = 0EFDDD9618C7B9CF006C1B7B /* Images.xcassets */; };
/* End PBXBuildFile section */

/* Begin PBXFileReference section */
		081B59E516F62DF20070C59C /* AudioToolbox.framework */ = {isa = PBXFileReference; lastKnownFileType = wrapper.framework; name = AudioToolbox.framework; path = System/Library/Frameworks/AudioToolbox.framework; sourceTree = SDKROOT; };
		08331EB31691016A00B9796F /* HTMLNode.h */ = {isa = PBXFileReference; fileEncoding = 4; lastKnownFileType = sourcecode.c.h; path = HTMLNode.h; sourceTree = "<group>"; };
		08331EB41691016A00B9796F /* HTMLNode.m */ = {isa = PBXFileReference; fileEncoding = 4; lastKnownFileType = sourcecode.c.objc; path = HTMLNode.m; sourceTree = "<group>"; };
		08331EB51691016A00B9796F /* HTMLParser.h */ = {isa = PBXFileReference; fileEncoding = 4; lastKnownFileType = sourcecode.c.h; path = HTMLParser.h; sourceTree = "<group>"; };
		08331EB61691016A00B9796F /* HTMLParser.m */ = {isa = PBXFileReference; fileEncoding = 4; lastKnownFileType = sourcecode.c.objc; path = HTMLParser.m; sourceTree = "<group>"; };
		08331EB91691191B00B9796F /* Show.h */ = {isa = PBXFileReference; fileEncoding = 4; lastKnownFileType = sourcecode.c.h; path = Show.h; sourceTree = "<group>"; };
		08331EBA1691191B00B9796F /* Show.m */ = {isa = PBXFileReference; fileEncoding = 4; lastKnownFileType = sourcecode.c.objc; path = Show.m; sourceTree = "<group>"; };
		08331ED91692738100B9796F /* ShowDetailViewController.h */ = {isa = PBXFileReference; fileEncoding = 4; lastKnownFileType = sourcecode.c.h; path = ShowDetailViewController.h; sourceTree = "<group>"; };
		08331EDA1692738100B9796F /* ShowDetailViewController.m */ = {isa = PBXFileReference; fileEncoding = 4; lastKnownFileType = sourcecode.c.objc; path = ShowDetailViewController.m; sourceTree = "<group>"; };
		08331EDB1692738100B9796F /* ShowDetailViewController.xib */ = {isa = PBXFileReference; fileEncoding = 4; lastKnownFileType = file.xib; path = ShowDetailViewController.xib; sourceTree = "<group>"; };
		08349BFC167FB96A00490037 /* music@2x.png */ = {isa = PBXFileReference; lastKnownFileType = image.png; path = "music@2x.png"; sourceTree = "<group>"; };
		08363E101690FFDB009BFE33 /* libxml2.dylib */ = {isa = PBXFileReference; lastKnownFileType = "compiled.mach-o.dylib"; name = libxml2.dylib; path = usr/lib/libxml2.dylib; sourceTree = SDKROOT; };
		0851497C167DA65C00D1ED43 /* KUCI.app */ = {isa = PBXFileReference; explicitFileType = wrapper.application; includeInIndex = 0; path = KUCI.app; sourceTree = BUILT_PRODUCTS_DIR; };
		08514980167DA65C00D1ED43 /* UIKit.framework */ = {isa = PBXFileReference; lastKnownFileType = wrapper.framework; name = UIKit.framework; path = System/Library/Frameworks/UIKit.framework; sourceTree = SDKROOT; };
		08514982167DA65C00D1ED43 /* Foundation.framework */ = {isa = PBXFileReference; lastKnownFileType = wrapper.framework; name = Foundation.framework; path = System/Library/Frameworks/Foundation.framework; sourceTree = SDKROOT; };
		08514984167DA65C00D1ED43 /* CoreGraphics.framework */ = {isa = PBXFileReference; lastKnownFileType = wrapper.framework; name = CoreGraphics.framework; path = System/Library/Frameworks/CoreGraphics.framework; sourceTree = SDKROOT; };
		08514988167DA65C00D1ED43 /* KUCI-Info.plist */ = {isa = PBXFileReference; lastKnownFileType = text.plist.xml; path = "KUCI-Info.plist"; sourceTree = "<group>"; };
		0851498A167DA65C00D1ED43 /* en */ = {isa = PBXFileReference; lastKnownFileType = text.plist.strings; name = en; path = en.lproj/InfoPlist.strings; sourceTree = "<group>"; };
		0851498C167DA65C00D1ED43 /* main.m */ = {isa = PBXFileReference; lastKnownFileType = sourcecode.c.objc; path = main.m; sourceTree = "<group>"; };
		0851498E167DA65C00D1ED43 /* KUCI-Prefix.pch */ = {isa = PBXFileReference; lastKnownFileType = sourcecode.c.h; path = "KUCI-Prefix.pch"; sourceTree = "<group>"; };
		0851498F167DA65C00D1ED43 /* AppDelegate.h */ = {isa = PBXFileReference; lastKnownFileType = sourcecode.c.h; path = AppDelegate.h; sourceTree = "<group>"; };
		08514990167DA65C00D1ED43 /* AppDelegate.m */ = {isa = PBXFileReference; lastKnownFileType = sourcecode.c.objc; path = AppDelegate.m; sourceTree = "<group>"; };
		0851499F167DC7D500D1ED43 /* ScheduleViewController.h */ = {isa = PBXFileReference; fileEncoding = 4; lastKnownFileType = sourcecode.c.h; path = ScheduleViewController.h; sourceTree = "<group>"; };
		085149A0167DC7D500D1ED43 /* ScheduleViewController.m */ = {isa = PBXFileReference; fileEncoding = 4; lastKnownFileType = sourcecode.c.objc; path = ScheduleViewController.m; sourceTree = "<group>"; };
		085149A1167DC7D500D1ED43 /* ScheduleViewController.xib */ = {isa = PBXFileReference; fileEncoding = 4; lastKnownFileType = file.xib; path = ScheduleViewController.xib; sourceTree = "<group>"; };
		085149CE167ECDB200D1ED43 /* StreamViewController.h */ = {isa = PBXFileReference; fileEncoding = 4; lastKnownFileType = sourcecode.c.h; path = StreamViewController.h; sourceTree = "<group>"; };
		085149CF167ECDB300D1ED43 /* StreamViewController.m */ = {isa = PBXFileReference; fileEncoding = 4; lastKnownFileType = sourcecode.c.objc; path = StreamViewController.m; sourceTree = "<group>"; };
		085149D0167ECDB300D1ED43 /* StreamViewController.xib */ = {isa = PBXFileReference; fileEncoding = 4; lastKnownFileType = file.xib; path = StreamViewController.xib; sourceTree = "<group>"; };
		088D718B16F5B68E002DF434 /* ShowData.plist */ = {isa = PBXFileReference; fileEncoding = 4; lastKnownFileType = text.plist.xml; path = ShowData.plist; sourceTree = "<group>"; };
		089C262C1680F1E70058567E /* AVFoundation.framework */ = {isa = PBXFileReference; lastKnownFileType = wrapper.framework; name = AVFoundation.framework; path = System/Library/Frameworks/AVFoundation.framework; sourceTree = SDKROOT; };
		08CDD18816F7C9610061CDD1 /* SVModalWebViewController.h */ = {isa = PBXFileReference; fileEncoding = 4; lastKnownFileType = sourcecode.c.h; path = SVModalWebViewController.h; sourceTree = "<group>"; };
		08CDD18916F7C9670061CDD1 /* SVModalWebViewController.m */ = {isa = PBXFileReference; fileEncoding = 4; lastKnownFileType = sourcecode.c.objc; path = SVModalWebViewController.m; sourceTree = "<group>"; };
		08CDD18B16F7C9710061CDD1 /* SVWebViewController.h */ = {isa = PBXFileReference; fileEncoding = 4; lastKnownFileType = sourcecode.c.h; path = SVWebViewController.h; sourceTree = "<group>"; };
		08CDD18C16F7C9710061CDD1 /* SVWebViewController.m */ = {isa = PBXFileReference; fileEncoding = 4; lastKnownFileType = sourcecode.c.objc; path = SVWebViewController.m; sourceTree = "<group>"; };
		08CDD18E16F7C9780061CDD1 /* SVWebViewController.bundle */ = {isa = PBXFileReference; lastKnownFileType = "wrapper.plug-in"; path = SVWebViewController.bundle; sourceTree = "<group>"; };
		08CDD19016F7C9EF0061CDD1 /* MessageUI.framework */ = {isa = PBXFileReference; lastKnownFileType = wrapper.framework; name = MessageUI.framework; path = System/Library/Frameworks/MessageUI.framework; sourceTree = SDKROOT; };
		08F537BB169CDBB200685480 /* CoreMedia.framework */ = {isa = PBXFileReference; lastKnownFileType = wrapper.framework; name = CoreMedia.framework; path = System/Library/Frameworks/CoreMedia.framework; sourceTree = SDKROOT; };
		0E00FBAF193430C4004CC219 /* Reveal.framework */ = {isa = PBXFileReference; lastKnownFileType = wrapper.framework; path = Reveal.framework; sourceTree = "<group>"; };
		0E1B384E19341136004AE4C8 /* ShowTableViewCell.h */ = {isa = PBXFileReference; fileEncoding = 4; lastKnownFileType = sourcecode.c.h; path = ShowTableViewCell.h; sourceTree = "<group>"; };
		0E1B384F19341136004AE4C8 /* ShowTableViewCell.m */ = {isa = PBXFileReference; fileEncoding = 4; lastKnownFileType = sourcecode.c.objc; path = ShowTableViewCell.m; sourceTree = "<group>"; };
		0E1B3852193417F7004AE4C8 /* ShowDescriptionTableViewCell.h */ = {isa = PBXFileReference; fileEncoding = 4; lastKnownFileType = sourcecode.c.h; path = ShowDescriptionTableViewCell.h; sourceTree = "<group>"; };
		0E1B3853193417F7004AE4C8 /* ShowDescriptionTableViewCell.m */ = {isa = PBXFileReference; fileEncoding = 4; lastKnownFileType = sourcecode.c.objc; path = ShowDescriptionTableViewCell.m; sourceTree = "<group>"; };
		0E2866DF1702C62400816222 /* SystemConfiguration.framework */ = {isa = PBXFileReference; lastKnownFileType = wrapper.framework; name = SystemConfiguration.framework; path = System/Library/Frameworks/SystemConfiguration.framework; sourceTree = SDKROOT; };
		0E32A52A18C56C850047E28F /* SourceSansPro-Bold.otf */ = {isa = PBXFileReference; lastKnownFileType = file; name = "SourceSansPro-Bold.otf"; path = "KUCI/Fonts/SourceSansPro-Bold.otf"; sourceTree = "<group>"; };
		0E32A52B18C56C850047E28F /* SourceSansPro-Regular.otf */ = {isa = PBXFileReference; lastKnownFileType = file; name = "SourceSansPro-Regular.otf"; path = "KUCI/Fonts/SourceSansPro-Regular.otf"; sourceTree = "<group>"; };
		0E32A52C18C56C850047E28F /* SourceSansPro-Semibold.otf */ = {isa = PBXFileReference; lastKnownFileType = file; name = "SourceSansPro-Semibold.otf"; path = "KUCI/Fonts/SourceSansPro-Semibold.otf"; sourceTree = "<group>"; };
		0EA4AF1118C5693100F94066 /* schedule@2x.png */ = {isa = PBXFileReference; lastKnownFileType = image.png; path = "schedule@2x.png"; sourceTree = "<group>"; };
		0EA4AF1318C56A5200F94066 /* radio@2x.png */ = {isa = PBXFileReference; lastKnownFileType = image.png; path = "radio@2x.png"; sourceTree = "<group>"; };
		0ECB813718C5599D00B7C4B5 /* play@2x.png */ = {isa = PBXFileReference; lastKnownFileType = image.png; path = "play@2x.png"; sourceTree = "<group>"; };
		0ECB813818C5599D00B7C4B5 /* pause@2x.png */ = {isa = PBXFileReference; lastKnownFileType = image.png; path = "pause@2x.png"; sourceTree = "<group>"; };
		0ECB813C18C55A8400B7C4B5 /* Default-568h@2x.png */ = {isa = PBXFileReference; lastKnownFileType = image.png; path = "Default-568h@2x.png"; sourceTree = "<group>"; };
		0ECB814418C55DDA00B7C4B5 /* UIFont+Application.h */ = {isa = PBXFileReference; fileEncoding = 4; lastKnownFileType = sourcecode.c.h; path = "UIFont+Application.h"; sourceTree = "<group>"; };
		0ECB814518C55DDA00B7C4B5 /* UIFont+Application.m */ = {isa = PBXFileReference; fileEncoding = 4; lastKnownFileType = sourcecode.c.objc; path = "UIFont+Application.m"; sourceTree = "<group>"; };
		0ED68AFA18C6D4F300370BD0 /* navbar-logo@2x.png */ = {isa = PBXFileReference; lastKnownFileType = image.png; path = "navbar-logo@2x.png"; sourceTree = "<group>"; };
		0EFDDD9618C7B9CF006C1B7B /* Images.xcassets */ = {isa = PBXFileReference; lastKnownFileType = folder.assetcatalog; path = Images.xcassets; sourceTree = "<group>"; };
/* End PBXFileReference section */

/* Begin PBXFrameworksBuildPhase section */
		08514979167DA65C00D1ED43 /* Frameworks */ = {
			isa = PBXFrameworksBuildPhase;
			buildActionMask = 2147483647;
			files = (
				081B59E616F62DF20070C59C /* AudioToolbox.framework in Frameworks */,
				089C262D1680F1E70058567E /* AVFoundation.framework in Frameworks */,
				08514985167DA65C00D1ED43 /* CoreGraphics.framework in Frameworks */,
				08F537BC169CDBB200685480 /* CoreMedia.framework in Frameworks */,
				08514983167DA65C00D1ED43 /* Foundation.framework in Frameworks */,
				08363E111690FFDB009BFE33 /* libxml2.dylib in Frameworks */,
				08CDD19116F7C9EF0061CDD1 /* MessageUI.framework in Frameworks */,
				0E2866E01702C62400816222 /* SystemConfiguration.framework in Frameworks */,
				08514981167DA65C00D1ED43 /* UIKit.framework in Frameworks */,
			);
			runOnlyForDeploymentPostprocessing = 0;
		};
/* End PBXFrameworksBuildPhase section */

/* Begin PBXGroup section */
		0846E5CA16F7C82C0044D750 /* SVWebViewController */ = {
			isa = PBXGroup;
			children = (
				08CDD18E16F7C9780061CDD1 /* SVWebViewController.bundle */,
				08CDD18B16F7C9710061CDD1 /* SVWebViewController.h */,
				08CDD18C16F7C9710061CDD1 /* SVWebViewController.m */,
				08CDD18816F7C9610061CDD1 /* SVModalWebViewController.h */,
				08CDD18916F7C9670061CDD1 /* SVModalWebViewController.m */,
			);
			name = SVWebViewController;
			sourceTree = "<group>";
		};
		08514971167DA65C00D1ED43 = {
			isa = PBXGroup;
			children = (
				0ECB813C18C55A8400B7C4B5 /* Default-568h@2x.png */,
				08514986167DA65C00D1ED43 /* KUCI */,
				0ECB813E18C55CA900B7C4B5 /* Resources */,
				0ECB814718C55DF500B7C4B5 /* Vendor */,
				0851497F167DA65C00D1ED43 /* Frameworks */,
				0851497D167DA65C00D1ED43 /* Products */,
			);
			sourceTree = "<group>";
		};
		0851497D167DA65C00D1ED43 /* Products */ = {
			isa = PBXGroup;
			children = (
				0851497C167DA65C00D1ED43 /* KUCI.app */,
			);
			name = Products;
			sourceTree = "<group>";
		};
		0851497F167DA65C00D1ED43 /* Frameworks */ = {
			isa = PBXGroup;
			children = (
				0E00FBAF193430C4004CC219 /* Reveal.framework */,
				08363E101690FFDB009BFE33 /* libxml2.dylib */,
				089C262C1680F1E70058567E /* AVFoundation.framework */,
				081B59E516F62DF20070C59C /* AudioToolbox.framework */,
				08514984167DA65C00D1ED43 /* CoreGraphics.framework */,
				08F537BB169CDBB200685480 /* CoreMedia.framework */,
				08514982167DA65C00D1ED43 /* Foundation.framework */,
				08CDD19016F7C9EF0061CDD1 /* MessageUI.framework */,
				0E2866DF1702C62400816222 /* SystemConfiguration.framework */,
				08514980167DA65C00D1ED43 /* UIKit.framework */,
			);
			name = Frameworks;
			sourceTree = "<group>";
		};
		08514986167DA65C00D1ED43 /* KUCI */ = {
			isa = PBXGroup;
			children = (
				0851498F167DA65C00D1ED43 /* AppDelegate.h */,
				08514990167DA65C00D1ED43 /* AppDelegate.m */,
				0ECB814418C55DDA00B7C4B5 /* UIFont+Application.h */,
				0ECB814518C55DDA00B7C4B5 /* UIFont+Application.m */,
				08331EB91691191B00B9796F /* Show.h */,
				08331EBA1691191B00B9796F /* Show.m */,
				0E1B385119341141004AE4C8 /* Views */,
				085149B6167E6EEE00D1ED43 /* View Controllers */,
				085149C0167EBC3800D1ED43 /* XIBs */,
				0EFDDD9618C7B9CF006C1B7B /* Images.xcassets */,
				08514987167DA65C00D1ED43 /* Supporting Files */,
			);
			path = KUCI;
			sourceTree = "<group>";
		};
		08514987167DA65C00D1ED43 /* Supporting Files */ = {
			isa = PBXGroup;
			children = (
				088D718B16F5B68E002DF434 /* ShowData.plist */,
				08514988167DA65C00D1ED43 /* KUCI-Info.plist */,
				08514989167DA65C00D1ED43 /* InfoPlist.strings */,
				0851498C167DA65C00D1ED43 /* main.m */,
				0851498E167DA65C00D1ED43 /* KUCI-Prefix.pch */,
			);
			name = "Supporting Files";
			sourceTree = "<group>";
		};
		085149B6167E6EEE00D1ED43 /* View Controllers */ = {
			isa = PBXGroup;
			children = (
				0851499F167DC7D500D1ED43 /* ScheduleViewController.h */,
				085149A0167DC7D500D1ED43 /* ScheduleViewController.m */,
				08331ED91692738100B9796F /* ShowDetailViewController.h */,
				08331EDA1692738100B9796F /* ShowDetailViewController.m */,
				085149CE167ECDB200D1ED43 /* StreamViewController.h */,
				085149CF167ECDB300D1ED43 /* StreamViewController.m */,
			);
			name = "View Controllers";
			sourceTree = "<group>";
		};
		085149C0167EBC3800D1ED43 /* XIBs */ = {
			isa = PBXGroup;
			children = (
				085149A1167DC7D500D1ED43 /* ScheduleViewController.xib */,
				08331EDB1692738100B9796F /* ShowDetailViewController.xib */,
				085149D0167ECDB300D1ED43 /* StreamViewController.xib */,
			);
			name = XIBs;
			sourceTree = "<group>";
		};
		085149C3167EC3B500D1ED43 /* Images */ = {
			isa = PBXGroup;
			children = (
				0EA4AF1318C56A5200F94066 /* radio@2x.png */,
				0ECB813718C5599D00B7C4B5 /* play@2x.png */,
				0ECB813818C5599D00B7C4B5 /* pause@2x.png */,
				0ED68AFA18C6D4F300370BD0 /* navbar-logo@2x.png */,
				0EA4AF1118C5693100F94066 /* schedule@2x.png */,
				08349BFC167FB96A00490037 /* music@2x.png */,
			);
			name = Images;
			path = KUCI;
			sourceTree = "<group>";
		};
		0E1B385119341141004AE4C8 /* Views */ = {
			isa = PBXGroup;
			children = (
				0E1B384E19341136004AE4C8 /* ShowTableViewCell.h */,
				0E1B384F19341136004AE4C8 /* ShowTableViewCell.m */,
				0E1B3852193417F7004AE4C8 /* ShowDescriptionTableViewCell.h */,
				0E1B3853193417F7004AE4C8 /* ShowDescriptionTableViewCell.m */,
			);
			name = Views;
			sourceTree = "<group>";
		};
		0E32A53018C56C930047E28F /* Fonts */ = {
			isa = PBXGroup;
			children = (
				0E32A52A18C56C850047E28F /* SourceSansPro-Bold.otf */,
				0E32A52B18C56C850047E28F /* SourceSansPro-Regular.otf */,
				0E32A52C18C56C850047E28F /* SourceSansPro-Semibold.otf */,
			);
			name = Fonts;
			sourceTree = "<group>";
		};
		0EA4AF1018C5682D00F94066 /* HTML Parser */ = {
			isa = PBXGroup;
			children = (
				08331EB31691016A00B9796F /* HTMLNode.h */,
				08331EB41691016A00B9796F /* HTMLNode.m */,
				08331EB51691016A00B9796F /* HTMLParser.h */,
				08331EB61691016A00B9796F /* HTMLParser.m */,
			);
			name = "HTML Parser";
			sourceTree = "<group>";
		};
		0ECB813E18C55CA900B7C4B5 /* Resources */ = {
			isa = PBXGroup;
			children = (
				0E32A53018C56C930047E28F /* Fonts */,
				085149C3167EC3B500D1ED43 /* Images */,
			);
			name = Resources;
			sourceTree = "<group>";
		};
		0ECB814718C55DF500B7C4B5 /* Vendor */ = {
			isa = PBXGroup;
			children = (
				0EA4AF1018C5682D00F94066 /* HTML Parser */,
				0846E5CA16F7C82C0044D750 /* SVWebViewController */,
			);
			name = Vendor;
			path = KUCI;
			sourceTree = "<group>";
		};
/* End PBXGroup section */

/* Begin PBXNativeTarget section */
		0851497B167DA65C00D1ED43 /* KUCI */ = {
			isa = PBXNativeTarget;
			buildConfigurationList = 0851499A167DA65C00D1ED43 /* Build configuration list for PBXNativeTarget "KUCI" */;
			buildPhases = (
				08514978167DA65C00D1ED43 /* Sources */,
				08514979167DA65C00D1ED43 /* Frameworks */,
				0851497A167DA65C00D1ED43 /* Resources */,
			);
			buildRules = (
			);
			dependencies = (
			);
			name = KUCI;
			productName = NavTest;
			productReference = 0851497C167DA65C00D1ED43 /* KUCI.app */;
			productType = "com.apple.product-type.application";
		};
/* End PBXNativeTarget section */

/* Begin PBXProject section */
		08514973167DA65C00D1ED43 /* Project object */ = {
			isa = PBXProject;
			attributes = {
				LastUpgradeCheck = 0450;
				ORGANIZATIONNAME = "Nealon Young";
				TargetAttributes = {
					0851497B167DA65C00D1ED43 = {
						DevelopmentTeam = 3KNK86UB96;
					};
				};
			};
			buildConfigurationList = 08514976167DA65C00D1ED43 /* Build configuration list for PBXProject "KUCI" */;
			compatibilityVersion = "Xcode 3.2";
			developmentRegion = English;
			hasScannedForEncodings = 0;
			knownRegions = (
				en,
			);
			mainGroup = 08514971167DA65C00D1ED43;
			productRefGroup = 0851497D167DA65C00D1ED43 /* Products */;
			projectDirPath = "";
			projectRoot = "";
			targets = (
				0851497B167DA65C00D1ED43 /* KUCI */,
			);
		};
/* End PBXProject section */

/* Begin PBXResourcesBuildPhase section */
		0851497A167DA65C00D1ED43 /* Resources */ = {
			isa = PBXResourcesBuildPhase;
			buildActionMask = 2147483647;
			files = (
				0851498B167DA65C00D1ED43 /* InfoPlist.strings in Resources */,
				085149A3167DC7D500D1ED43 /* ScheduleViewController.xib in Resources */,
				0ED68AFB18C6D4F300370BD0 /* navbar-logo@2x.png in Resources */,
				0E32A52D18C56C850047E28F /* SourceSansPro-Bold.otf in Resources */,
				085149D2167ECDB300D1ED43 /* StreamViewController.xib in Resources */,
				08349BFE167FB96A00490037 /* music@2x.png in Resources */,
				08331EDD1692738100B9796F /* ShowDetailViewController.xib in Resources */,
				088D718C16F5B68E002DF434 /* ShowData.plist in Resources */,
				0E32A52E18C56C850047E28F /* SourceSansPro-Regular.otf in Resources */,
				0EFDDD9718C7B9CF006C1B7B /* Images.xcassets in Resources */,
				0ECB813D18C55A8400B7C4B5 /* Default-568h@2x.png in Resources */,
				0ECB813918C5599D00B7C4B5 /* play@2x.png in Resources */,
				08CDD18F16F7C9780061CDD1 /* SVWebViewController.bundle in Resources */,
				0EA4AF1218C5693100F94066 /* schedule@2x.png in Resources */,
				0EA4AF1418C56A5200F94066 /* radio@2x.png in Resources */,
				0E32A52F18C56C850047E28F /* SourceSansPro-Semibold.otf in Resources */,
				0ECB813A18C5599D00B7C4B5 /* pause@2x.png in Resources */,
			);
			runOnlyForDeploymentPostprocessing = 0;
		};
/* End PBXResourcesBuildPhase section */

/* Begin PBXSourcesBuildPhase section */
		08514978167DA65C00D1ED43 /* Sources */ = {
			isa = PBXSourcesBuildPhase;
			buildActionMask = 2147483647;
			files = (
				0E1B3854193417F7004AE4C8 /* ShowDescriptionTableViewCell.m in Sources */,
				0851498D167DA65C00D1ED43 /* main.m in Sources */,
				0ECB814618C55DDA00B7C4B5 /* UIFont+Application.m in Sources */,
				08514991167DA65C00D1ED43 /* AppDelegate.m in Sources */,
				085149A2167DC7D500D1ED43 /* ScheduleViewController.m in Sources */,
				085149D1167ECDB300D1ED43 /* StreamViewController.m in Sources */,
				08331EB71691016A00B9796F /* HTMLNode.m in Sources */,
				08331EB81691016A00B9796F /* HTMLParser.m in Sources */,
				08331EBB1691191B00B9796F /* Show.m in Sources */,
				08331EDC1692738100B9796F /* ShowDetailViewController.m in Sources */,
				08CDD18A16F7C9670061CDD1 /* SVModalWebViewController.m in Sources */,
				0E1B385019341136004AE4C8 /* ShowTableViewCell.m in Sources */,
				08CDD18D16F7C9710061CDD1 /* SVWebViewController.m in Sources */,
			);
			runOnlyForDeploymentPostprocessing = 0;
		};
/* End PBXSourcesBuildPhase section */

/* Begin PBXVariantGroup section */
		08514989167DA65C00D1ED43 /* InfoPlist.strings */ = {
			isa = PBXVariantGroup;
			children = (
				0851498A167DA65C00D1ED43 /* en */,
			);
			name = InfoPlist.strings;
			sourceTree = "<group>";
		};
/* End PBXVariantGroup section */

/* Begin XCBuildConfiguration section */
		08514998167DA65C00D1ED43 /* Debug */ = {
			isa = XCBuildConfiguration;
			buildSettings = {
				ALWAYS_SEARCH_USER_PATHS = NO;
				CLANG_CXX_LANGUAGE_STANDARD = "gnu++0x";
				CLANG_CXX_LIBRARY = "libc++";
				CLANG_ENABLE_OBJC_ARC = YES;
				CLANG_WARN_EMPTY_BODY = YES;
				CLANG_WARN__DUPLICATE_METHOD_MATCH = YES;
				"CODE_SIGN_IDENTITY[sdk=iphoneos*]" = "iPhone Developer";
				COPY_PHASE_STRIP = NO;
				GCC_C_LANGUAGE_STANDARD = gnu99;
				GCC_DYNAMIC_NO_PIC = NO;
				GCC_OPTIMIZATION_LEVEL = 0;
				GCC_PREPROCESSOR_DEFINITIONS = (
					"DEBUG=1",
					"$(inherited)",
				);
				GCC_SYMBOLS_PRIVATE_EXTERN = NO;
				GCC_WARN_ABOUT_RETURN_TYPE = YES;
				GCC_WARN_UNINITIALIZED_AUTOS = YES;
				GCC_WARN_UNUSED_VARIABLE = YES;
				"HEADER_SEARCH_PATHS[arch=*]" = "";
				IPHONEOS_DEPLOYMENT_TARGET = 7.0;
				ONLY_ACTIVE_ARCH = YES;
				SDKROOT = iphoneos;
			};
			name = Debug;
		};
		08514999167DA65C00D1ED43 /* Release */ = {
			isa = XCBuildConfiguration;
			buildSettings = {
				ALWAYS_SEARCH_USER_PATHS = NO;
				CLANG_CXX_LANGUAGE_STANDARD = "gnu++0x";
				CLANG_CXX_LIBRARY = "libc++";
				CLANG_ENABLE_OBJC_ARC = YES;
				CLANG_WARN_EMPTY_BODY = YES;
				CLANG_WARN__DUPLICATE_METHOD_MATCH = YES;
				"CODE_SIGN_IDENTITY[sdk=iphoneos*]" = "iPhone Developer";
				COPY_PHASE_STRIP = YES;
				GCC_C_LANGUAGE_STANDARD = gnu99;
				GCC_WARN_ABOUT_RETURN_TYPE = YES;
				GCC_WARN_UNINITIALIZED_AUTOS = YES;
				GCC_WARN_UNUSED_VARIABLE = YES;
				IPHONEOS_DEPLOYMENT_TARGET = 7.0;
				OTHER_CFLAGS = "-DNS_BLOCK_ASSERTIONS=1";
				SDKROOT = iphoneos;
				VALIDATE_PRODUCT = YES;
			};
			name = Release;
		};
		0851499B167DA65C00D1ED43 /* Debug */ = {
			isa = XCBuildConfiguration;
			buildSettings = {
				ASSETCATALOG_COMPILER_APPICON_NAME = AppIcon;
				ASSETCATALOG_COMPILER_LAUNCHIMAGE_NAME = LaunchImage;
				CLANG_ENABLE_OBJC_ARC = YES;
				CODE_SIGN_IDENTITY = "iPhone Developer";
				"CODE_SIGN_IDENTITY[sdk=iphoneos*]" = "iPhone Developer";
				FRAMEWORK_SEARCH_PATHS = (
					"$(inherited)",
					"$(PROJECT_DIR)",
				);
				GCC_PRECOMPILE_PREFIX_HEADER = YES;
				GCC_PREFIX_HEADER = "KUCI/KUCI-Prefix.pch";
				"HEADER_SEARCH_PATHS[arch=*]" = /usr/include/libxml2;
				INFOPLIST_FILE = "KUCI/KUCI-Info.plist";
				IPHONEOS_DEPLOYMENT_TARGET = 7.0;
				OTHER_LDFLAGS = (
					"-ObjC",
					"-framework",
					Reveal,
				);
				PRODUCT_NAME = KUCI;
				PROVISIONING_PROFILE = "";
				WRAPPER_EXTENSION = app;
			};
			name = Debug;
		};
		0851499C167DA65C00D1ED43 /* Release */ = {
			isa = XCBuildConfiguration;
			buildSettings = {
				ASSETCATALOG_COMPILER_APPICON_NAME = AppIcon;
				ASSETCATALOG_COMPILER_LAUNCHIMAGE_NAME = LaunchImage;
				CLANG_ENABLE_OBJC_ARC = YES;
				CODE_SIGN_IDENTITY = "iPhone Developer";
				"CODE_SIGN_IDENTITY[sdk=iphoneos*]" = "iPhone Developer";
				FRAMEWORK_SEARCH_PATHS = (
					"$(inherited)",
					"$(PROJECT_DIR)",
				);
				GCC_PRECOMPILE_PREFIX_HEADER = YES;
				GCC_PREFIX_HEADER = "KUCI/KUCI-Prefix.pch";
				"HEADER_SEARCH_PATHS[arch=*]" = /usr/include/libxml2;
				INFOPLIST_FILE = "KUCI/KUCI-Info.plist";
				IPHONEOS_DEPLOYMENT_TARGET = 7.0;
				PRODUCT_NAME = KUCI;
				PROVISIONING_PROFILE = "";
				WRAPPER_EXTENSION = app;
			};
			name = Release;
		};
/* End XCBuildConfiguration section */

/* Begin XCConfigurationList section */
		08514976167DA65C00D1ED43 /* Build configuration list for PBXProject "KUCI" */ = {
			isa = XCConfigurationList;
			buildConfigurations = (
				08514998167DA65C00D1ED43 /* Debug */,
				08514999167DA65C00D1ED43 /* Release */,
			);
			defaultConfigurationIsVisible = 0;
			defaultConfigurationName = Release;
		};
		0851499A167DA65C00D1ED43 /* Build configuration list for PBXNativeTarget "KUCI" */ = {
			isa = XCConfigurationList;
			buildConfigurations = (
				0851499B167DA65C00D1ED43 /* Debug */,
				0851499C167DA65C00D1ED43 /* Release */,
			);
			defaultConfigurationIsVisible = 0;
			defaultConfigurationName = Release;
		};
/* End XCConfigurationList section */
	};
	rootObject = 08514973167DA65C00D1ED43 /* Project object */;
}
